Microsoft Visual Studio Solution File, Format Version 10.00
# Visual Studio 2008

Project("{D1DA29CB-19A6-8785-BEC7-6F617E72B3F4}") = "witch training", "witch training.csproj", "{B045E84E-BFC2-2560-E09D-E03E750E2265}"
EndProject
Global
	GlobalSection(SolutionConfigurationPlatforms) = preSolution
		Debug|Any CPU = Debug|Any CPU
		Release|Any CPU = Release|Any CPU
	EndGlobalSection
	GlobalSection(ProjectConfigurationPlatforms) = postSolution
		{B045E84E-BFC2-2560-E09D-E03E750E2265}.Debug|Any CPU.ActiveCfg = Debug|Any CPU
		{B045E84E-BFC2-2560-E09D-E03E750E2265}.Debug|Any CPU.Build.0 = Debug|Any CPU
		{B045E84E-BFC2-2560-E09D-E03E750E2265}.Release|Any CPU.ActiveCfg = Release|Any CPU
		{B045E84E-BFC2-2560-E09D-E03E750E2265}.Release|Any CPU.Build.0 = Release|Any CPU
	EndGlobalSection
	GlobalSection(SolutionProperties) = preSolution
		HideSolutionNode = FALSE
	EndGlobalSection
	
EndGlobal
